// !$*UTF8*$!
{
	archiveVersion = 1;
	classes = {
	};
	objectVersion = 46;
	objects = {

/* Begin PBXBuildFile section */
		97D80AD24A110D684E5E87A0 /* Pods_WeilaiMall.framework in Frameworks */ = {isa = PBXBuildFile; fileRef = F23BE5254FD0591D5EEAF8A7 /* Pods_WeilaiMall.framework */; };
		D50C2A231E8121850002AF0F /* SearchResultViewController.swift in Sources */ = {isa = PBXBuildFile; fileRef = D50C2A221E8121850002AF0F /* SearchResultViewController.swift */; };
		D50C2A251E814DA50002AF0F /* OperationRecordModel.swift in Sources */ = {isa = PBXBuildFile; fileRef = D50C2A241E814DA50002AF0F /* OperationRecordModel.swift */; };
		D50C2A271E816B230002AF0F /* OrderRelatedModel.swift in Sources */ = {isa = PBXBuildFile; fileRef = D50C2A261E816B230002AF0F /* OrderRelatedModel.swift */; };
		D512BDAA1E754E53001B7004 /* OperationRecordViewController.swift in Sources */ = {isa = PBXBuildFile; fileRef = D512BDA91E754E53001B7004 /* OperationRecordViewController.swift */; };
		D512BDAD1E7550F9001B7004 /* OperationRecordCell.swift in Sources */ = {isa = PBXBuildFile; fileRef = D512BDAB1E7550F9001B7004 /* OperationRecordCell.swift */; };
		D512BDAE1E7550F9001B7004 /* OperationRecordCell.xib in Resources */ = {isa = PBXBuildFile; fileRef = D512BDAC1E7550F9001B7004 /* OperationRecordCell.xib */; };
		D516C2301E72EE0200BC5B60 /* OrderTableViewCell.swift in Sources */ = {isa = PBXBuildFile; fileRef = D516C22E1E72EE0200BC5B60 /* OrderTableViewCell.swift */; };
		D516C2311E72EE0200BC5B60 /* OrderTableViewCell.xib in Resources */ = {isa = PBXBuildFile; fileRef = D516C22F1E72EE0200BC5B60 /* OrderTableViewCell.xib */; };
		D517FC101E65B1E60050AE99 /* LoginViewController.swift in Sources */ = {isa = PBXBuildFile; fileRef = D517FC0F1E65B1E60050AE99 /* LoginViewController.swift */; };
		D517FC141E65C9B10050AE99 /* Source.swift in Sources */ = {isa = PBXBuildFile; fileRef = D517FC131E65C9B10050AE99 /* Source.swift */; };
		D517FC161E65C9C40050AE99 /* CCRequest.swift in Sources */ = {isa = PBXBuildFile; fileRef = D517FC151E65C9C40050AE99 /* CCRequest.swift */; };
		D51A71D81E798B51007B104B /* RechargeViewController.swift in Sources */ = {isa = PBXBuildFile; fileRef = D51A71D71E798B51007B104B /* RechargeViewController.swift */; };
		D51C8F281E7E3A2600C77921 /* CoreDataManager.swift in Sources */ = {isa = PBXBuildFile; fileRef = D51C8F271E7E3A2600C77921 /* CoreDataManager.swift */; };
		D51C8F2B1E7E627400C77921 /* UserModel.swift in Sources */ = {isa = PBXBuildFile; fileRef = D51C8F2A1E7E627400C77921 /* UserModel.swift */; };
		D51D84161E703A500059496D /* SettingupViewController.swift in Sources */ = {isa = PBXBuildFile; fileRef = D51D84151E703A500059496D /* SettingupViewController.swift */; };
		D51D84181E7044FB0059496D /* ChangeLoginViewController.swift in Sources */ = {isa = PBXBuildFile; fileRef = D51D84171E7044FB0059496D /* ChangeLoginViewController.swift */; };
		D51D841A1E7045130059496D /* ChangePayViewController.swift in Sources */ = {isa = PBXBuildFile; fileRef = D51D84191E7045130059496D /* ChangePayViewController.swift */; };
		D51F3AB31E71A0CC0092B85B /* OrderCenterViewController.swift in Sources */ = {isa = PBXBuildFile; fileRef = D51F3AB21E71A0CC0092B85B /* OrderCenterViewController.swift */; };
		D51F3AB51E71A5E20092B85B /* OrderHeadView.swift in Sources */ = {isa = PBXBuildFile; fileRef = D51F3AB41E71A5E20092B85B /* OrderHeadView.swift */; };
		D52084011E5F2C1200BE031B /* AppDelegate.swift in Sources */ = {isa = PBXBuildFile; fileRef = D52084001E5F2C1200BE031B /* AppDelegate.swift */; };
		D52084031E5F2C1200BE031B /* ViewController.swift in Sources */ = {isa = PBXBuildFile; fileRef = D52084021E5F2C1200BE031B /* ViewController.swift */; };
		D52084061E5F2C1200BE031B /* Main.storyboard in Resources */ = {isa = PBXBuildFile; fileRef = D52084041E5F2C1200BE031B /* Main.storyboard */; };
		D52084091E5F2C1200BE031B /* WeilaiMall.xcdatamodeld in Sources */ = {isa = PBXBuildFile; fileRef = D52084071E5F2C1200BE031B /* WeilaiMall.xcdatamodeld */; };
		D520840B1E5F2C1200BE031B /* Assets.xcassets in Resources */ = {isa = PBXBuildFile; fileRef = D520840A1E5F2C1200BE031B /* Assets.xcassets */; };
		D520840E1E5F2C1200BE031B /* LaunchScreen.storyboard in Resources */ = {isa = PBXBuildFile; fileRef = D520840C1E5F2C1200BE031B /* LaunchScreen.storyboard */; };
		D52084191E5F2C1200BE031B /* WeilaiMallTests.swift in Sources */ = {isa = PBXBuildFile; fileRef = D52084181E5F2C1200BE031B /* WeilaiMallTests.swift */; };
		D52084241E5F2C1200BE031B /* WeilaiMallUITests.swift in Sources */ = {isa = PBXBuildFile; fileRef = D52084231E5F2C1200BE031B /* WeilaiMallUITests.swift */; };
		D52627951E74D53F00AC0B2B /* TextFieldTableViewCell.swift in Sources */ = {isa = PBXBuildFile; fileRef = D52627941E74D53F00AC0B2B /* TextFieldTableViewCell.swift */; };
		D52627971E74DBBF00AC0B2B /* TransferViewController.swift in Sources */ = {isa = PBXBuildFile; fileRef = D52627961E74DBBF00AC0B2B /* TransferViewController.swift */; };
		D52627991E750F6D00AC0B2B /* ClearingPayViewController.swift in Sources */ = {isa = PBXBuildFile; fileRef = D52627981E750F6D00AC0B2B /* ClearingPayViewController.swift */; };
		D545FF2A1E6D940B0081EAF8 /* ShoppingCar+UITableView.swift in Sources */ = {isa = PBXBuildFile; fileRef = D545FF281E6D940B0081EAF8 /* ShoppingCar+UITableView.swift */; };
		D545FF2B1E6D940B0081EAF8 /* ShoppingCartViewController.swift in Sources */ = {isa = PBXBuildFile; fileRef = D545FF291E6D940B0081EAF8 /* ShoppingCartViewController.swift */; };
		D545FF311E6D94770081EAF8 /* CCShoppingBar.swift in Sources */ = {isa = PBXBuildFile; fileRef = D545FF2C1E6D94770081EAF8 /* CCShoppingBar.swift */; };
		D545FF321E6D94770081EAF8 /* CCShoppingCarCell.swift in Sources */ = {isa = PBXBuildFile; fileRef = D545FF2D1E6D94770081EAF8 /* CCShoppingCarCell.swift */; };
		D545FF331E6D94770081EAF8 /* CCShoppingCarCell.xib in Resources */ = {isa = PBXBuildFile; fileRef = D545FF2E1E6D94770081EAF8 /* CCShoppingCarCell.xib */; };
		D545FF341E6D94770081EAF8 /* CCShoppingCarHeadView.swift in Sources */ = {isa = PBXBuildFile; fileRef = D545FF2F1E6D94770081EAF8 /* CCShoppingCarHeadView.swift */; };
		D545FF351E6D94770081EAF8 /* CCShoppingNumberView.swift in Sources */ = {isa = PBXBuildFile; fileRef = D545FF301E6D94770081EAF8 /* CCShoppingNumberView.swift */; };
		D54B1D771E8516FB00DAD246 /* WeilaiMall-API.swift in Sources */ = {isa = PBXBuildFile; fileRef = D54B1D761E8516FB00DAD246 /* WeilaiMall-API.swift */; };
		D55A7B601E82BA28000490CA /* RechargeModel.swift in Sources */ = {isa = PBXBuildFile; fileRef = D55A7B5F1E82BA28000490CA /* RechargeModel.swift */; };
		D57769981E7AD687001EF6D7 /* OrderDetailViewController.swift in Sources */ = {isa = PBXBuildFile; fileRef = D57769971E7AD687001EF6D7 /* OrderDetailViewController.swift */; };
		D577699A1E7AECC6001EF6D7 /* OrderDetailCell.swift in Sources */ = {isa = PBXBuildFile; fileRef = D57769991E7AECC6001EF6D7 /* OrderDetailCell.swift */; };
		D57992B01E6717BA00A82DBC /* MineHeadView.swift in Sources */ = {isa = PBXBuildFile; fileRef = D57992AF1E6717BA00A82DBC /* MineHeadView.swift */; };
		D57992B31E671E8C00A82DBC /* MineCollectionViewCell.swift in Sources */ = {isa = PBXBuildFile; fileRef = D57992B11E671E8C00A82DBC /* MineCollectionViewCell.swift */; };
		D57992B41E671E8C00A82DBC /* MineCollectionViewCell.xib in Resources */ = {isa = PBXBuildFile; fileRef = D57992B21E671E8C00A82DBC /* MineCollectionViewCell.xib */; };
		D58D47B31E83F7B4008B390B /* MineInfoViewController.swift in Sources */ = {isa = PBXBuildFile; fileRef = D58D47B21E83F7B4008B390B /* MineInfoViewController.swift */; };
		D598979B1E864CC20034C5FA /* ChangePasswordModel.swift in Sources */ = {isa = PBXBuildFile; fileRef = D598979A1E864CC20034C5FA /* ChangePasswordModel.swift */; };
		D5CF305E1E801F9C00E471F2 /* HomeSearchViewController.swift in Sources */ = {isa = PBXBuildFile; fileRef = D5CF305D1E801F9C00E471F2 /* HomeSearchViewController.swift */; };
		D5E3C7BC1E62EA890012FD7C /* CCTabBar.swift in Sources */ = {isa = PBXBuildFile; fileRef = D5E3C7BB1E62EA890012FD7C /* CCTabBar.swift */; };
		D5E3C7FA1E62F5680012FD7C /* CCTabBarController.swift in Sources */ = {isa = PBXBuildFile; fileRef = D5E3C7F91E62F5680012FD7C /* CCTabBarController.swift */; };
		D5E3C7FC1E6302460012FD7C /* CCWebViewController.swift in Sources */ = {isa = PBXBuildFile; fileRef = D5E3C7FB1E6302460012FD7C /* CCWebViewController.swift */; };
		D5E3C80D1E630CD80012FD7C /* HomeViewController.swift in Sources */ = {isa = PBXBuildFile; fileRef = D5E3C80C1E630CD80012FD7C /* HomeViewController.swift */; };
		D5E3C80F1E630CE70012FD7C /* ClassifyViewController.swift in Sources */ = {isa = PBXBuildFile; fileRef = D5E3C80E1E630CE70012FD7C /* ClassifyViewController.swift */; };
		D5E3C8111E630CF30012FD7C /* MineViewController.swift in Sources */ = {isa = PBXBuildFile; fileRef = D5E3C8101E630CF30012FD7C /* MineViewController.swift */; };
		D5E3C8151E630D160012FD7C /* WeilaiViewController.swift in Sources */ = {isa = PBXBuildFile; fileRef = D5E3C8141E630D160012FD7C /* WeilaiViewController.swift */; };
		D5F4C1371E87A31C001D2BED /* TransferUserModel.swift in Sources */ = {isa = PBXBuildFile; fileRef = D5F4C1361E87A31C001D2BED /* TransferUserModel.swift */; };
/* End PBXBuildFile section */

/* Begin PBXContainerItemProxy section */
		D52084151E5F2C1200BE031B /* PBXContainerItemProxy */ = {
			isa = PBXContainerItemProxy;
			containerPortal = D52083F51E5F2C1200BE031B /* Project object */;
			proxyType = 1;
			remoteGlobalIDString = D52083FC1E5F2C1200BE031B;
			remoteInfo = WeilaiMall;
		};
		D52084201E5F2C1200BE031B /* PBXContainerItemProxy */ = {
			isa = PBXContainerItemProxy;
			containerPortal = D52083F51E5F2C1200BE031B /* Project object */;
			proxyType = 1;
			remoteGlobalIDString = D52083FC1E5F2C1200BE031B;
			remoteInfo = WeilaiMall;
		};
/* End PBXContainerItemProxy section */

/* Begin PBXFileReference section */
		2165B2DCADD397E65CB507D4 /* Pods-WeilaiMall.release.xcconfig */ = {isa = PBXFileReference; includeInIndex = 1; lastKnownFileType = text.xcconfig; name = "Pods-WeilaiMall.release.xcconfig"; path = "Pods/Target Support Files/Pods-WeilaiMall/Pods-WeilaiMall.release.xcconfig"; sourceTree = "<group>"; };
		865602186F2BDB5AE69031E0 /* Pods-WeilaiMall.debug.xcconfig */ = {isa = PBXFileReference; includeInIndex = 1; lastKnownFileType = text.xcconfig; name = "Pods-WeilaiMall.debug.xcconfig"; path = "Pods/Target Support Files/Pods-WeilaiMall/Pods-WeilaiMall.debug.xcconfig"; sourceTree = "<group>"; };
		D50C2A221E8121850002AF0F /* SearchResultViewController.swift */ = {isa = PBXFileReference; fileEncoding = 4; lastKnownFileType = sourcecode.swift; path = SearchResultViewController.swift; sourceTree = "<group>"; };
		D50C2A241E814DA50002AF0F /* OperationRecordModel.swift */ = {isa = PBXFileReference; fileEncoding = 4; lastKnownFileType = sourcecode.swift; path = OperationRecordModel.swift; sourceTree = "<group>"; };
		D50C2A261E816B230002AF0F /* OrderRelatedModel.swift */ = {isa = PBXFileReference; fileEncoding = 4; lastKnownFileType = sourcecode.swift; path = OrderRelatedModel.swift; sourceTree = "<group>"; };
		D512BDA91E754E53001B7004 /* OperationRecordViewController.swift */ = {isa = PBXFileReference; fileEncoding = 4; lastKnownFileType = sourcecode.swift; path = OperationRecordViewController.swift; sourceTree = "<group>"; };
		D512BDAB1E7550F9001B7004 /* OperationRecordCell.swift */ = {isa = PBXFileReference; fileEncoding = 4; lastKnownFileType = sourcecode.swift; path = OperationRecordCell.swift; sourceTree = "<group>"; };
		D512BDAC1E7550F9001B7004 /* OperationRecordCell.xib */ = {isa = PBXFileReference; fileEncoding = 4; lastKnownFileType = file.xib; path = OperationRecordCell.xib; sourceTree = "<group>"; };
		D516C22E1E72EE0200BC5B60 /* OrderTableViewCell.swift */ = {isa = PBXFileReference; fileEncoding = 4; lastKnownFileType = sourcecode.swift; path = OrderTableViewCell.swift; sourceTree = "<group>"; };
		D516C22F1E72EE0200BC5B60 /* OrderTableViewCell.xib */ = {isa = PBXFileReference; fileEncoding = 4; lastKnownFileType = file.xib; path = OrderTableViewCell.xib; sourceTree = "<group>"; };
		D517FC0F1E65B1E60050AE99 /* LoginViewController.swift */ = {isa = PBXFileReference; fileEncoding = 4; lastKnownFileType = sourcecode.swift; path = LoginViewController.swift; sourceTree = "<group>"; };
		D517FC131E65C9B10050AE99 /* Source.swift */ = {isa = PBXFileReference; fileEncoding = 4; lastKnownFileType = sourcecode.swift; path = Source.swift; sourceTree = "<group>"; };
		D517FC151E65C9C40050AE99 /* CCRequest.swift */ = {isa = PBXFileReference; fileEncoding = 4; lastKnownFileType = sourcecode.swift; path = CCRequest.swift; sourceTree = "<group>"; };
		D51A71D71E798B51007B104B /* RechargeViewController.swift */ = {isa = PBXFileReference; fileEncoding = 4; lastKnownFileType = sourcecode.swift; path = RechargeViewController.swift; sourceTree = "<group>"; };
		D51C8F191E7D157500C77921 /* WeilaiMall-Bridging-Header.h */ = {isa = PBXFileReference; lastKnownFileType = sourcecode.c.h; path = "WeilaiMall-Bridging-Header.h"; sourceTree = "<group>"; };
		D51C8F271E7E3A2600C77921 /* CoreDataManager.swift */ = {isa = PBXFileReference; fileEncoding = 4; lastKnownFileType = sourcecode.swift; path = CoreDataManager.swift; sourceTree = "<group>"; };
		D51C8F2A1E7E627400C77921 /* UserModel.swift */ = {isa = PBXFileReference; fileEncoding = 4; lastKnownFileType = sourcecode.swift; path = UserModel.swift; sourceTree = "<group>"; };
		D51D84151E703A500059496D /* SettingupViewController.swift */ = {isa = PBXFileReference; fileEncoding = 4; lastKnownFileType = sourcecode.swift; path = SettingupViewController.swift; sourceTree = "<group>"; };
		D51D84171E7044FB0059496D /* ChangeLoginViewController.swift */ = {isa = PBXFileReference; fileEncoding = 4; lastKnownFileType = sourcecode.swift; path = ChangeLoginViewController.swift; sourceTree = "<group>"; };
		D51D84191E7045130059496D /* ChangePayViewController.swift */ = {isa = PBXFileReference; fileEncoding = 4; lastKnownFileType = sourcecode.swift; path = ChangePayViewController.swift; sourceTree = "<group>"; };
		D51F3AB21E71A0CC0092B85B /* OrderCenterViewController.swift */ = {isa = PBXFileReference; fileEncoding = 4; lastKnownFileType = sourcecode.swift; path = OrderCenterViewController.swift; sourceTree = "<group>"; };
		D51F3AB41E71A5E20092B85B /* OrderHeadView.swift */ = {isa = PBXFileReference; fileEncoding = 4; lastKnownFileType = sourcecode.swift; path = OrderHeadView.swift; sourceTree = "<group>"; };
		D52083FD1E5F2C1200BE031B /* WeilaiMall.app */ = {isa = PBXFileReference; explicitFileType = wrapper.application; includeInIndex = 0; path = WeilaiMall.app; sourceTree = BUILT_PRODUCTS_DIR; };
		D52084001E5F2C1200BE031B /* AppDelegate.swift */ = {isa = PBXFileReference; lastKnownFileType = sourcecode.swift; path = AppDelegate.swift; sourceTree = "<group>"; };
		D52084021E5F2C1200BE031B /* ViewController.swift */ = {isa = PBXFileReference; lastKnownFileType = sourcecode.swift; path = ViewController.swift; sourceTree = "<group>"; };
		D52084051E5F2C1200BE031B /* Base */ = {isa = PBXFileReference; lastKnownFileType = file.storyboard; name = Base; path = Base.lproj/Main.storyboard; sourceTree = "<group>"; };
		D52084081E5F2C1200BE031B /* WeilaiMall.xcdatamodel */ = {isa = PBXFileReference; lastKnownFileType = wrapper.xcdatamodel; path = WeilaiMall.xcdatamodel; sourceTree = "<group>"; };
		D520840A1E5F2C1200BE031B /* Assets.xcassets */ = {isa = PBXFileReference; lastKnownFileType = folder.assetcatalog; path = Assets.xcassets; sourceTree = "<group>"; };
		D520840D1E5F2C1200BE031B /* Base */ = {isa = PBXFileReference; lastKnownFileType = file.storyboard; name = Base; path = Base.lproj/LaunchScreen.storyboard; sourceTree = "<group>"; };
		D520840F1E5F2C1200BE031B /* Info.plist */ = {isa = PBXFileReference; lastKnownFileType = text.plist.xml; path = Info.plist; sourceTree = "<group>"; };
		D52084141E5F2C1200BE031B /* WeilaiMallTests.xctest */ = {isa = PBXFileReference; explicitFileType = wrapper.cfbundle; includeInIndex = 0; path = WeilaiMallTests.xctest; sourceTree = BUILT_PRODUCTS_DIR; };
		D52084181E5F2C1200BE031B /* WeilaiMallTests.swift */ = {isa = PBXFileReference; lastKnownFileType = sourcecode.swift; path = WeilaiMallTests.swift; sourceTree = "<group>"; };
		D520841A1E5F2C1200BE031B /* Info.plist */ = {isa = PBXFileReference; lastKnownFileType = text.plist.xml; path = Info.plist; sourceTree = "<group>"; };
		D520841F1E5F2C1200BE031B /* WeilaiMallUITests.xctest */ = {isa = PBXFileReference; explicitFileType = wrapper.cfbundle; includeInIndex = 0; path = WeilaiMallUITests.xctest; sourceTree = BUILT_PRODUCTS_DIR; };
		D52084231E5F2C1200BE031B /* WeilaiMallUITests.swift */ = {isa = PBXFileReference; lastKnownFileType = sourcecode.swift; path = WeilaiMallUITests.swift; sourceTree = "<group>"; };
		D52084251E5F2C1200BE031B /* Info.plist */ = {isa = PBXFileReference; lastKnownFileType = text.plist.xml; path = Info.plist; sourceTree = "<group>"; };
		D52627941E74D53F00AC0B2B /* TextFieldTableViewCell.swift */ = {isa = PBXFileReference; fileEncoding = 4; lastKnownFileType = sourcecode.swift; path = TextFieldTableViewCell.swift; sourceTree = "<group>"; };
		D52627961E74DBBF00AC0B2B /* TransferViewController.swift */ = {isa = PBXFileReference; fileEncoding = 4; lastKnownFileType = sourcecode.swift; path = TransferViewController.swift; sourceTree = "<group>"; };
		D52627981E750F6D00AC0B2B /* ClearingPayViewController.swift */ = {isa = PBXFileReference; fileEncoding = 4; lastKnownFileType = sourcecode.swift; path = ClearingPayViewController.swift; sourceTree = "<group>"; };
		D545FF281E6D940B0081EAF8 /* ShoppingCar+UITableView.swift */ = {isa = PBXFileReference; fileEncoding = 4; lastKnownFileType = sourcecode.swift; path = "ShoppingCar+UITableView.swift"; sourceTree = "<group>"; };
		D545FF291E6D940B0081EAF8 /* ShoppingCartViewController.swift */ = {isa = PBXFileReference; fileEncoding = 4; lastKnownFileType = sourcecode.swift; path = ShoppingCartViewController.swift; sourceTree = "<group>"; };
		D545FF2C1E6D94770081EAF8 /* CCShoppingBar.swift */ = {isa = PBXFileReference; fileEncoding = 4; lastKnownFileType = sourcecode.swift; path = CCShoppingBar.swift; sourceTree = "<group>"; };
		D545FF2D1E6D94770081EAF8 /* CCShoppingCarCell.swift */ = {isa = PBXFileReference; fileEncoding = 4; lastKnownFileType = sourcecode.swift; path = CCShoppingCarCell.swift; sourceTree = "<group>"; };
		D545FF2E1E6D94770081EAF8 /* CCShoppingCarCell.xib */ = {isa = PBXFileReference; fileEncoding = 4; lastKnownFileType = file.xib; path = CCShoppingCarCell.xib; sourceTree = "<group>"; };
		D545FF2F1E6D94770081EAF8 /* CCShoppingCarHeadView.swift */ = {isa = PBXFileReference; fileEncoding = 4; lastKnownFileType = sourcecode.swift; path = CCShoppingCarHeadView.swift; sourceTree = "<group>"; };
		D545FF301E6D94770081EAF8 /* CCShoppingNumberView.swift */ = {isa = PBXFileReference; fileEncoding = 4; lastKnownFileType = sourcecode.swift; path = CCShoppingNumberView.swift; sourceTree = "<group>"; };
		D54B1D761E8516FB00DAD246 /* WeilaiMall-API.swift */ = {isa = PBXFileReference; fileEncoding = 4; lastKnownFileType = sourcecode.swift; path = "WeilaiMall-API.swift"; sourceTree = "<group>"; };
		D55A7B5F1E82BA28000490CA /* RechargeModel.swift */ = {isa = PBXFileReference; fileEncoding = 4; lastKnownFileType = sourcecode.swift; path = RechargeModel.swift; sourceTree = "<group>"; };
		D57769971E7AD687001EF6D7 /* OrderDetailViewController.swift */ = {isa = PBXFileReference; fileEncoding = 4; lastKnownFileType = sourcecode.swift; path = OrderDetailViewController.swift; sourceTree = "<group>"; };
		D57769991E7AECC6001EF6D7 /* OrderDetailCell.swift */ = {isa = PBXFileReference; fileEncoding = 4; lastKnownFileType = sourcecode.swift; path = OrderDetailCell.swift; sourceTree = "<group>"; };
		D57992AF1E6717BA00A82DBC /* MineHeadView.swift */ = {isa = PBXFileReference; fileEncoding = 4; lastKnownFileType = sourcecode.swift; path = MineHeadView.swift; sourceTree = "<group>"; };
		D57992B11E671E8C00A82DBC /* MineCollectionViewCell.swift */ = {isa = PBXFileReference; fileEncoding = 4; lastKnownFileType = sourcecode.swift; path = MineCollectionViewCell.swift; sourceTree = "<group>"; };
		D57992B21E671E8C00A82DBC /* MineCollectionViewCell.xib */ = {isa = PBXFileReference; fileEncoding = 4; lastKnownFileType = file.xib; path = MineCollectionViewCell.xib; sourceTree = "<group>"; };
		D58D47B21E83F7B4008B390B /* MineInfoViewController.swift */ = {isa = PBXFileReference; fileEncoding = 4; lastKnownFileType = sourcecode.swift; path = MineInfoViewController.swift; sourceTree = "<group>"; };
		D598979A1E864CC20034C5FA /* ChangePasswordModel.swift */ = {isa = PBXFileReference; fileEncoding = 4; lastKnownFileType = sourcecode.swift; path = ChangePasswordModel.swift; sourceTree = "<group>"; };
		D5CF305D1E801F9C00E471F2 /* HomeSearchViewController.swift */ = {isa = PBXFileReference; fileEncoding = 4; lastKnownFileType = sourcecode.swift; path = HomeSearchViewController.swift; sourceTree = "<group>"; };
		D5E3C7BB1E62EA890012FD7C /* CCTabBar.swift */ = {isa = PBXFileReference; fileEncoding = 4; lastKnownFileType = sourcecode.swift; path = CCTabBar.swift; sourceTree = "<group>"; };
		D5E3C7F91E62F5680012FD7C /* CCTabBarController.swift */ = {isa = PBXFileReference; fileEncoding = 4; lastKnownFileType = sourcecode.swift; path = CCTabBarController.swift; sourceTree = "<group>"; };
		D5E3C7FB1E6302460012FD7C /* CCWebViewController.swift */ = {isa = PBXFileReference; fileEncoding = 4; lastKnownFileType = sourcecode.swift; path = CCWebViewController.swift; sourceTree = "<group>"; };
		D5E3C80C1E630CD80012FD7C /* HomeViewController.swift */ = {isa = PBXFileReference; fileEncoding = 4; lastKnownFileType = sourcecode.swift; path = HomeViewController.swift; sourceTree = "<group>"; };
		D5E3C80E1E630CE70012FD7C /* ClassifyViewController.swift */ = {isa = PBXFileReference; fileEncoding = 4; lastKnownFileType = sourcecode.swift; path = ClassifyViewController.swift; sourceTree = "<group>"; };
		D5E3C8101E630CF30012FD7C /* MineViewController.swift */ = {isa = PBXFileReference; fileEncoding = 4; lastKnownFileType = sourcecode.swift; path = MineViewController.swift; sourceTree = "<group>"; };
		D5E3C8141E630D160012FD7C /* WeilaiViewController.swift */ = {isa = PBXFileReference; fileEncoding = 4; lastKnownFileType = sourcecode.swift; path = WeilaiViewController.swift; sourceTree = "<group>"; };
		D5F4C1361E87A31C001D2BED /* TransferUserModel.swift */ = {isa = PBXFileReference; fileEncoding = 4; lastKnownFileType = sourcecode.swift; path = TransferUserModel.swift; sourceTree = "<group>"; };
		F23BE5254FD0591D5EEAF8A7 /* Pods_WeilaiMall.framework */ = {isa = PBXFileReference; explicitFileType = wrapper.framework; includeInIndex = 0; path = Pods_WeilaiMall.framework; sourceTree = BUILT_PRODUCTS_DIR; };
/* End PBXFileReference section */

/* Begin PBXFrameworksBuildPhase section */
		D52083FA1E5F2C1200BE031B /* Frameworks */ = {
			isa = PBXFrameworksBuildPhase;
			buildActionMask = 2147483647;
			files = (
				97D80AD24A110D684E5E87A0 /* Pods_WeilaiMall.framework in Frameworks */,
			);
			runOnlyForDeploymentPostprocessing = 0;
		};
		D52084111E5F2C1200BE031B /* Frameworks */ = {
			isa = PBXFrameworksBuildPhase;
			buildActionMask = 2147483647;
			files = (
			);
			runOnlyForDeploymentPostprocessing = 0;
		};
		D520841C1E5F2C1200BE031B /* Frameworks */ = {
			isa = PBXFrameworksBuildPhase;
			buildActionMask = 2147483647;
			files = (
			);
			runOnlyForDeploymentPostprocessing = 0;
		};
/* End PBXFrameworksBuildPhase section */

/* Begin PBXGroup section */
		0D26F7F67203F43DC57052BB /* Frameworks */ = {
			isa = PBXGroup;
			children = (
				F23BE5254FD0591D5EEAF8A7 /* Pods_WeilaiMall.framework */,
			);
			name = Frameworks;
			sourceTree = "<group>";
		};
		4A496C0D154CDF06D318014A /* Pods */ = {
			isa = PBXGroup;
			children = (
				865602186F2BDB5AE69031E0 /* Pods-WeilaiMall.debug.xcconfig */,
				2165B2DCADD397E65CB507D4 /* Pods-WeilaiMall.release.xcconfig */,
			);
			name = Pods;
			sourceTree = "<group>";
		};
		D51C8F201E7D27B400C77921 /* CoreData */ = {
			isa = PBXGroup;
			children = (
				D51C8F271E7E3A2600C77921 /* CoreDataManager.swift */,
			);
			path = CoreData;
			sourceTree = "<group>";
		};
		D51C8F291E7E616600C77921 /* Models */ = {
			isa = PBXGroup;
			children = (
				D51C8F2A1E7E627400C77921 /* UserModel.swift */,
				D50C2A241E814DA50002AF0F /* OperationRecordModel.swift */,
				D50C2A261E816B230002AF0F /* OrderRelatedModel.swift */,
				D55A7B5F1E82BA28000490CA /* RechargeModel.swift */,
				D598979A1E864CC20034C5FA /* ChangePasswordModel.swift */,
				D5F4C1361E87A31C001D2BED /* TransferUserModel.swift */,
			);
			path = Models;
			sourceTree = "<group>";
		};
		D52083F41E5F2C1200BE031B = {
			isa = PBXGroup;
			children = (
				D52083FF1E5F2C1200BE031B /* WeilaiMall */,
				D52084171E5F2C1200BE031B /* WeilaiMallTests */,
				D52084221E5F2C1200BE031B /* WeilaiMallUITests */,
				D52083FE1E5F2C1200BE031B /* Products */,
				4A496C0D154CDF06D318014A /* Pods */,
				0D26F7F67203F43DC57052BB /* Frameworks */,
			);
			sourceTree = "<group>";
		};
		D52083FE1E5F2C1200BE031B /* Products */ = {
			isa = PBXGroup;
			children = (
				D52083FD1E5F2C1200BE031B /* WeilaiMall.app */,
				D52084141E5F2C1200BE031B /* WeilaiMallTests.xctest */,
				D520841F1E5F2C1200BE031B /* WeilaiMallUITests.xctest */,
			);
			name = Products;
			sourceTree = "<group>";
		};
		D52083FF1E5F2C1200BE031B /* WeilaiMall */ = {
			isa = PBXGroup;
			children = (
				D5E3C7B61E62EA160012FD7C /* Class */,
				D5E3C7B71E62EA160012FD7C /* Other */,
				D52084001E5F2C1200BE031B /* AppDelegate.swift */,
				D52084021E5F2C1200BE031B /* ViewController.swift */,
				D52084041E5F2C1200BE031B /* Main.storyboard */,
				D520840A1E5F2C1200BE031B /* Assets.xcassets */,
				D520840C1E5F2C1200BE031B /* LaunchScreen.storyboard */,
				D520840F1E5F2C1200BE031B /* Info.plist */,
				D52084071E5F2C1200BE031B /* WeilaiMall.xcdatamodeld */,
			);
			path = WeilaiMall;
			sourceTree = "<group>";
		};
		D52084171E5F2C1200BE031B /* WeilaiMallTests */ = {
			isa = PBXGroup;
			children = (
				D52084181E5F2C1200BE031B /* WeilaiMallTests.swift */,
				D520841A1E5F2C1200BE031B /* Info.plist */,
			);
			path = WeilaiMallTests;
			sourceTree = "<group>";
		};
		D52084221E5F2C1200BE031B /* WeilaiMallUITests */ = {
			isa = PBXGroup;
			children = (
				D52084231E5F2C1200BE031B /* WeilaiMallUITests.swift */,
				D52084251E5F2C1200BE031B /* Info.plist */,
			);
			path = WeilaiMallUITests;
			sourceTree = "<group>";
		};
		D5E3C7B61E62EA160012FD7C /* Class */ = {
			isa = PBXGroup;
			children = (
				D5E3C7FD1E630CB20012FD7C /* Classify */,
				D5E3C8001E630CB20012FD7C /* Home */,
				D5E3C8031E630CB20012FD7C /* mine */,
				D5E3C8061E630CB20012FD7C /* Shoppingcart */,
				D5E3C8091E630CB20012FD7C /* Weilai */,
			);
			path = Class;
			sourceTree = "<group>";
		};
		D5E3C7B71E62EA160012FD7C /* Other */ = {
			isa = PBXGroup;
			children = (
				D51C8F201E7D27B400C77921 /* CoreData */,
				D5E3C7B81E62EA730012FD7C /* Controllers */,
				D5E3C7B91E62EA730012FD7C /* Source */,
				D5E3C7BA1E62EA730012FD7C /* Views */,
			);
			path = Other;
			sourceTree = "<group>";
		};
		D5E3C7B81E62EA730012FD7C /* Controllers */ = {
			isa = PBXGroup;
			children = (
				D5E3C7F91E62F5680012FD7C /* CCTabBarController.swift */,
				D5E3C7FB1E6302460012FD7C /* CCWebViewController.swift */,
			);
			path = Controllers;
			sourceTree = "<group>";
		};
		D5E3C7B91E62EA730012FD7C /* Source */ = {
			isa = PBXGroup;
			children = (
				D517FC131E65C9B10050AE99 /* Source.swift */,
				D517FC151E65C9C40050AE99 /* CCRequest.swift */,
				D54B1D761E8516FB00DAD246 /* WeilaiMall-API.swift */,
				D51C8F191E7D157500C77921 /* WeilaiMall-Bridging-Header.h */,
			);
			path = Source;
			sourceTree = "<group>";
		};
		D5E3C7BA1E62EA730012FD7C /* Views */ = {
			isa = PBXGroup;
			children = (
				D5E3C7BB1E62EA890012FD7C /* CCTabBar.swift */,
			);
			path = Views;
			sourceTree = "<group>";
		};
		D5E3C7FD1E630CB20012FD7C /* Classify */ = {
			isa = PBXGroup;
			children = (
				D5E3C7FE1E630CB20012FD7C /* Controllers */,
				D5E3C7FF1E630CB20012FD7C /* Views */,
			);
			path = Classify;
			sourceTree = "<group>";
		};
		D5E3C7FE1E630CB20012FD7C /* Controllers */ = {
			isa = PBXGroup;
			children = (
				D5E3C80E1E630CE70012FD7C /* ClassifyViewController.swift */,
			);
			path = Controllers;
			sourceTree = "<group>";
		};
		D5E3C7FF1E630CB20012FD7C /* Views */ = {
			isa = PBXGroup;
			children = (
			);
			path = Views;
			sourceTree = "<group>";
		};
		D5E3C8001E630CB20012FD7C /* Home */ = {
			isa = PBXGroup;
			children = (
				D5E3C8011E630CB20012FD7C /* Controllers */,
				D5E3C8021E630CB20012FD7C /* Views */,
			);
			path = Home;
			sourceTree = "<group>";
		};
		D5E3C8011E630CB20012FD7C /* Controllers */ = {
			isa = PBXGroup;
			children = (
				D5E3C80C1E630CD80012FD7C /* HomeViewController.swift */,
				D5CF305D1E801F9C00E471F2 /* HomeSearchViewController.swift */,
				D50C2A221E8121850002AF0F /* SearchResultViewController.swift */,
			);
			path = Controllers;
			sourceTree = "<group>";
		};
		D5E3C8021E630CB20012FD7C /* Views */ = {
			isa = PBXGroup;
			children = (
			);
			path = Views;
			sourceTree = "<group>";
		};
		D5E3C8031E630CB20012FD7C /* mine */ = {
			isa = PBXGroup;
			children = (
				D51C8F291E7E616600C77921 /* Models */,
				D5E3C8041E630CB20012FD7C /* Controllers */,
				D5E3C8051E630CB20012FD7C /* Views */,
			);
			path = mine;
			sourceTree = "<group>";
		};
		D5E3C8041E630CB20012FD7C /* Controllers */ = {
			isa = PBXGroup;
			children = (
				D5E3C8101E630CF30012FD7C /* MineViewController.swift */,
				D58D47B21E83F7B4008B390B /* MineInfoViewController.swift */,
				D517FC0F1E65B1E60050AE99 /* LoginViewController.swift */,
				D51D84151E703A500059496D /* SettingupViewController.swift */,
				D51D84171E7044FB0059496D /* ChangeLoginViewController.swift */,
				D51D84191E7045130059496D /* ChangePayViewController.swift */,
				D51F3AB21E71A0CC0092B85B /* OrderCenterViewController.swift */,
				D57769971E7AD687001EF6D7 /* OrderDetailViewController.swift */,
				D52627961E74DBBF00AC0B2B /* TransferViewController.swift */,
				D52627981E750F6D00AC0B2B /* ClearingPayViewController.swift */,
				D512BDA91E754E53001B7004 /* OperationRecordViewController.swift */,
				D51A71D71E798B51007B104B /* RechargeViewController.swift */,
			);
			path = Controllers;
			sourceTree = "<group>";
		};
		D5E3C8051E630CB20012FD7C /* Views */ = {
			isa = PBXGroup;
			children = (
				D57992AF1E6717BA00A82DBC /* MineHeadView.swift */,
				D57992B11E671E8C00A82DBC /* MineCollectionViewCell.swift */,
				D57992B21E671E8C00A82DBC /* MineCollectionViewCell.xib */,
				D51F3AB41E71A5E20092B85B /* OrderHeadView.swift */,
				D516C22E1E72EE0200BC5B60 /* OrderTableViewCell.swift */,
				D516C22F1E72EE0200BC5B60 /* OrderTableViewCell.xib */,
				D57769991E7AECC6001EF6D7 /* OrderDetailCell.swift */,
				D52627941E74D53F00AC0B2B /* TextFieldTableViewCell.swift */,
				D512BDAB1E7550F9001B7004 /* OperationRecordCell.swift */,
				D512BDAC1E7550F9001B7004 /* OperationRecordCell.xib */,
			);
			path = Views;
			sourceTree = "<group>";
		};
		D5E3C8061E630CB20012FD7C /* Shoppingcart */ = {
			isa = PBXGroup;
			children = (
				D5E3C8071E630CB20012FD7C /* Controllers */,
				D5E3C8081E630CB20012FD7C /* Views */,
			);
			path = Shoppingcart;
			sourceTree = "<group>";
		};
		D5E3C8071E630CB20012FD7C /* Controllers */ = {
			isa = PBXGroup;
			children = (
				D545FF281E6D940B0081EAF8 /* ShoppingCar+UITableView.swift */,
				D545FF291E6D940B0081EAF8 /* ShoppingCartViewController.swift */,
			);
			path = Controllers;
			sourceTree = "<group>";
		};
		D5E3C8081E630CB20012FD7C /* Views */ = {
			isa = PBXGroup;
			children = (
				D545FF2C1E6D94770081EAF8 /* CCShoppingBar.swift */,
				D545FF2D1E6D94770081EAF8 /* CCShoppingCarCell.swift */,
				D545FF2E1E6D94770081EAF8 /* CCShoppingCarCell.xib */,
				D545FF2F1E6D94770081EAF8 /* CCShoppingCarHeadView.swift */,
				D545FF301E6D94770081EAF8 /* CCShoppingNumberView.swift */,
			);
			path = Views;
			sourceTree = "<group>";
		};
		D5E3C8091E630CB20012FD7C /* Weilai */ = {
			isa = PBXGroup;
			children = (
				D5E3C80A1E630CB20012FD7C /* Controllers */,
				D5E3C80B1E630CB20012FD7C /* Views */,
			);
			path = Weilai;
			sourceTree = "<group>";
		};
		D5E3C80A1E630CB20012FD7C /* Controllers */ = {
			isa = PBXGroup;
			children = (
				D5E3C8141E630D160012FD7C /* WeilaiViewController.swift */,
			);
			path = Controllers;
			sourceTree = "<group>";
		};
		D5E3C80B1E630CB20012FD7C /* Views */ = {
			isa = PBXGroup;
			children = (
			);
			path = Views;
			sourceTree = "<group>";
		};
/* End PBXGroup section */

/* Begin PBXNativeTarget section */
		D52083FC1E5F2C1200BE031B /* WeilaiMall */ = {
			isa = PBXNativeTarget;
			buildConfigurationList = D52084281E5F2C1300BE031B /* Build configuration list for PBXNativeTarget "WeilaiMall" */;
			buildPhases = (
				6F8A02C76BB7B290DC58F85F /* [CP] Check Pods Manifest.lock */,
				D52083F91E5F2C1200BE031B /* Sources */,
				D52083FA1E5F2C1200BE031B /* Frameworks */,
				D52083FB1E5F2C1200BE031B /* Resources */,
				13018172FC6D359DE295F854 /* [CP] Embed Pods Frameworks */,
				6D80E7115524042AB1489465 /* [CP] Copy Pods Resources */,
			);
			buildRules = (
			);
			dependencies = (
			);
			name = WeilaiMall;
			productName = WeilaiMall;
			productReference = D52083FD1E5F2C1200BE031B /* WeilaiMall.app */;
			productType = "com.apple.product-type.application";
		};
		D52084131E5F2C1200BE031B /* WeilaiMallTests */ = {
			isa = PBXNativeTarget;
			buildConfigurationList = D520842B1E5F2C1300BE031B /* Build configuration list for PBXNativeTarget "WeilaiMallTests" */;
			buildPhases = (
				D52084101E5F2C1200BE031B /* Sources */,
				D52084111E5F2C1200BE031B /* Frameworks */,
				D52084121E5F2C1200BE031B /* Resources */,
			);
			buildRules = (
			);
			dependencies = (
				D52084161E5F2C1200BE031B /* PBXTargetDependency */,
			);
			name = WeilaiMallTests;
			productName = WeilaiMallTests;
			productReference = D52084141E5F2C1200BE031B /* WeilaiMallTests.xctest */;
			productType = "com.apple.product-type.bundle.unit-test";
		};
		D520841E1E5F2C1200BE031B /* WeilaiMallUITests */ = {
			isa = PBXNativeTarget;
			buildConfigurationList = D520842E1E5F2C1300BE031B /* Build configuration list for PBXNativeTarget "WeilaiMallUITests" */;
			buildPhases = (
				D520841B1E5F2C1200BE031B /* Sources */,
				D520841C1E5F2C1200BE031B /* Frameworks */,
				D520841D1E5F2C1200BE031B /* Resources */,
			);
			buildRules = (
			);
			dependencies = (
				D52084211E5F2C1200BE031B /* PBXTargetDependency */,
			);
			name = WeilaiMallUITests;
			productName = WeilaiMallUITests;
			productReference = D520841F1E5F2C1200BE031B /* WeilaiMallUITests.xctest */;
			productType = "com.apple.product-type.bundle.ui-testing";
		};
/* End PBXNativeTarget section */

/* Begin PBXProject section */
		D52083F51E5F2C1200BE031B /* Project object */ = {
			isa = PBXProject;
			attributes = {
				LastSwiftUpdateCheck = 0820;
				LastUpgradeCheck = 0820;
				ORGANIZATIONNAME = 24hmb;
				TargetAttributes = {
					D52083FC1E5F2C1200BE031B = {
						CreatedOnToolsVersion = 8.2;
						LastSwiftMigration = 0820;
						ProvisioningStyle = Automatic;
					};
					D52084131E5F2C1200BE031B = {
						CreatedOnToolsVersion = 8.2;
						ProvisioningStyle = Automatic;
						TestTargetID = D52083FC1E5F2C1200BE031B;
					};
					D520841E1E5F2C1200BE031B = {
						CreatedOnToolsVersion = 8.2;
						ProvisioningStyle = Automatic;
						TestTargetID = D52083FC1E5F2C1200BE031B;
					};
				};
			};
			buildConfigurationList = D52083F81E5F2C1200BE031B /* Build configuration list for PBXProject "WeilaiMall" */;
			compatibilityVersion = "Xcode 3.2";
			developmentRegion = English;
			hasScannedForEncodings = 0;
			knownRegions = (
				en,
				Base,
			);
			mainGroup = D52083F41E5F2C1200BE031B;
			productRefGroup = D52083FE1E5F2C1200BE031B /* Products */;
			projectDirPath = "";
			projectRoot = "";
			targets = (
				D52083FC1E5F2C1200BE031B /* WeilaiMall */,
				D52084131E5F2C1200BE031B /* WeilaiMallTests */,
				D520841E1E5F2C1200BE031B /* WeilaiMallUITests */,
			);
		};
/* End PBXProject section */

/* Begin PBXResourcesBuildPhase section */
		D52083FB1E5F2C1200BE031B /* Resources */ = {
			isa = PBXResourcesBuildPhase;
			buildActionMask = 2147483647;
			files = (
				D516C2311E72EE0200BC5B60 /* OrderTableViewCell.xib in Resources */,
				D545FF331E6D94770081EAF8 /* CCShoppingCarCell.xib in Resources */,
				D520840E1E5F2C1200BE031B /* LaunchScreen.storyboard in Resources */,
				D520840B1E5F2C1200BE031B /* Assets.xcassets in Resources */,
				D512BDAE1E7550F9001B7004 /* OperationRecordCell.xib in Resources */,
				D52084061E5F2C1200BE031B /* Main.storyboard in Resources */,
				D57992B41E671E8C00A82DBC /* MineCollectionViewCell.xib in Resources */,
			);
			runOnlyForDeploymentPostprocessing = 0;
		};
		D52084121E5F2C1200BE031B /* Resources */ = {
			isa = PBXResourcesBuildPhase;
			buildActionMask = 2147483647;
			files = (
			);
			runOnlyForDeploymentPostprocessing = 0;
		};
		D520841D1E5F2C1200BE031B /* Resources */ = {
			isa = PBXResourcesBuildPhase;
			buildActionMask = 2147483647;
			files = (
			);
			runOnlyForDeploymentPostprocessing = 0;
		};
/* End PBXResourcesBuildPhase section */

/* Begin PBXShellScriptBuildPhase section */
		13018172FC6D359DE295F854 /* [CP] Embed Pods Frameworks */ = {
			isa = PBXShellScriptBuildPhase;
			buildActionMask = 2147483647;
			files = (
			);
			inputPaths = (
			);
			name = "[CP] Embed Pods Frameworks";
			outputPaths = (
			);
			runOnlyForDeploymentPostprocessing = 0;
			shellPath = /bin/sh;
			shellScript = "\"${SRCROOT}/Pods/Target Support Files/Pods-WeilaiMall/Pods-WeilaiMall-frameworks.sh\"\n";
			showEnvVarsInLog = 0;
		};
		6D80E7115524042AB1489465 /* [CP] Copy Pods Resources */ = {
			isa = PBXShellScriptBuildPhase;
			buildActionMask = 2147483647;
			files = (
			);
			inputPaths = (
			);
			name = "[CP] Copy Pods Resources";
			outputPaths = (
			);
			runOnlyForDeploymentPostprocessing = 0;
			shellPath = /bin/sh;
			shellScript = "\"${SRCROOT}/Pods/Target Support Files/Pods-WeilaiMall/Pods-WeilaiMall-resources.sh\"\n";
			showEnvVarsInLog = 0;
		};
		6F8A02C76BB7B290DC58F85F /* [CP] Check Pods Manifest.lock */ = {
			isa = PBXShellScriptBuildPhase;
			buildActionMask = 2147483647;
			files = (
			);
			inputPaths = (
			);
			name = "[CP] Check Pods Manifest.lock";
			outputPaths = (
			);
			runOnlyForDeploymentPostprocessing = 0;
			shellPath = /bin/sh;
			shellScript = "diff \"${PODS_ROOT}/../Podfile.lock\" \"${PODS_ROOT}/Manifest.lock\" > /dev/null\nif [ $? != 0 ] ; then\n    # print error to STDERR\n    echo \"error: The sandbox is not in sync with the Podfile.lock. Run 'pod install' or update your CocoaPods installation.\" >&2\n    exit 1\nfi\n";
			showEnvVarsInLog = 0;
		};
/* End PBXShellScriptBuildPhase section */

/* Begin PBXSourcesBuildPhase section */
		D52083F91E5F2C1200BE031B /* Sources */ = {
			isa = PBXSourcesBuildPhase;
			buildActionMask = 2147483647;
			files = (
				D577699A1E7AECC6001EF6D7 /* OrderDetailCell.swift in Sources */,
				D517FC101E65B1E60050AE99 /* LoginViewController.swift in Sources */,
				D545FF2B1E6D940B0081EAF8 /* ShoppingCartViewController.swift in Sources */,
				D517FC161E65C9C40050AE99 /* CCRequest.swift in Sources */,
				D51D84181E7044FB0059496D /* ChangeLoginViewController.swift in Sources */,
				D512BDAD1E7550F9001B7004 /* OperationRecordCell.swift in Sources */,
				D51C8F281E7E3A2600C77921 /* CoreDataManager.swift in Sources */,
				D5CF305E1E801F9C00E471F2 /* HomeSearchViewController.swift in Sources */,
				D51C8F2B1E7E627400C77921 /* UserModel.swift in Sources */,
				D545FF351E6D94770081EAF8 /* CCShoppingNumberView.swift in Sources */,
				D545FF341E6D94770081EAF8 /* CCShoppingCarHeadView.swift in Sources */,
				D545FF2A1E6D940B0081EAF8 /* ShoppingCar+UITableView.swift in Sources */,
				D51F3AB51E71A5E20092B85B /* OrderHeadView.swift in Sources */,
				D51D841A1E7045130059496D /* ChangePayViewController.swift in Sources */,
				D52084091E5F2C1200BE031B /* WeilaiMall.xcdatamodeld in Sources */,
				D545FF311E6D94770081EAF8 /* CCShoppingBar.swift in Sources */,
				D52084031E5F2C1200BE031B /* ViewController.swift in Sources */,
				D5E3C8111E630CF30012FD7C /* MineViewController.swift in Sources */,
				D545FF321E6D94770081EAF8 /* CCShoppingCarCell.swift in Sources */,
				D54B1D771E8516FB00DAD246 /* WeilaiMall-API.swift in Sources */,
				D50C2A271E816B230002AF0F /* OrderRelatedModel.swift in Sources */,
				D51F3AB31E71A0CC0092B85B /* OrderCenterViewController.swift in Sources */,
				D52084011E5F2C1200BE031B /* AppDelegate.swift in Sources */,
				D55A7B601E82BA28000490CA /* RechargeModel.swift in Sources */,
				D57992B31E671E8C00A82DBC /* MineCollectionViewCell.swift in Sources */,
				D5E3C7FC1E6302460012FD7C /* CCWebViewController.swift in Sources */,
				D52627991E750F6D00AC0B2B /* ClearingPayViewController.swift in Sources */,
				D5E3C8151E630D160012FD7C /* WeilaiViewController.swift in Sources */,
				D5E3C80F1E630CE70012FD7C /* ClassifyViewController.swift in Sources */,
				D51D84161E703A500059496D /* SettingupViewController.swift in Sources */,
				D57992B01E6717BA00A82DBC /* MineHeadView.swift in Sources */,
				D512BDAA1E754E53001B7004 /* OperationRecordViewController.swift in Sources */,
				D5E3C7BC1E62EA890012FD7C /* CCTabBar.swift in Sources */,
				D50C2A251E814DA50002AF0F /* OperationRecordModel.swift in Sources */,
				D57769981E7AD687001EF6D7 /* OrderDetailViewController.swift in Sources */,
				D52627951E74D53F00AC0B2B /* TextFieldTableViewCell.swift in Sources */,
				D517FC141E65C9B10050AE99 /* Source.swift in Sources */,
				D5F4C1371E87A31C001D2BED /* TransferUserModel.swift in Sources */,
				D52627971E74DBBF00AC0B2B /* TransferViewController.swift in Sources */,
				D51A71D81E798B51007B104B /* RechargeViewController.swift in Sources */,
				D516C2301E72EE0200BC5B60 /* OrderTableViewCell.swift in Sources */,
				D598979B1E864CC20034C5FA /* ChangePasswordModel.swift in Sources */,
				D5E3C80D1E630CD80012FD7C /* HomeViewController.swift in Sources */,
				D50C2A231E8121850002AF0F /* SearchResultViewController.swift in Sources */,
				D5E3C7FA1E62F5680012FD7C /* CCTabBarController.swift in Sources */,
				D58D47B31E83F7B4008B390B /* MineInfoViewController.swift in Sources */,
			);
			runOnlyForDeploymentPostprocessing = 0;
		};
		D52084101E5F2C1200BE031B /* Sources */ = {
			isa = PBXSourcesBuildPhase;
			buildActionMask = 2147483647;
			files = (
				D52084191E5F2C1200BE031B /* WeilaiMallTests.swift in Sources */,
			);
			runOnlyForDeploymentPostprocessing = 0;
		};
		D520841B1E5F2C1200BE031B /* Sources */ = {
			isa = PBXSourcesBuildPhase;
			buildActionMask = 2147483647;
			files = (
				D52084241E5F2C1200BE031B /* WeilaiMallUITests.swift in Sources */,
			);
			runOnlyForDeploymentPostprocessing = 0;
		};
/* End PBXSourcesBuildPhase section */

/* Begin PBXTargetDependency section */
		D52084161E5F2C1200BE031B /* PBXTargetDependency */ = {
			isa = PBXTargetDependency;
			target = D52083FC1E5F2C1200BE031B /* WeilaiMall */;
			targetProxy = D52084151E5F2C1200BE031B /* PBXContainerItemProxy */;
		};
		D52084211E5F2C1200BE031B /* PBXTargetDependency */ = {
			isa = PBXTargetDependency;
			target = D52083FC1E5F2C1200BE031B /* WeilaiMall */;
			targetProxy = D52084201E5F2C1200BE031B /* PBXContainerItemProxy */;
		};
/* End PBXTargetDependency section */

/* Begin PBXVariantGroup section */
		D52084041E5F2C1200BE031B /* Main.storyboard */ = {
			isa = PBXVariantGroup;
			children = (
				D52084051E5F2C1200BE031B /* Base */,
			);
			name = Main.storyboard;
			sourceTree = "<group>";
		};
		D520840C1E5F2C1200BE031B /* LaunchScreen.storyboard */ = {
			isa = PBXVariantGroup;
			children = (
				D520840D1E5F2C1200BE031B /* Base */,
			);
			name = LaunchScreen.storyboard;
			sourceTree = "<group>";
		};
/* End PBXVariantGroup section */

/* Begin XCBuildConfiguration section */
		D52084261E5F2C1300BE031B /* Debug */ = {
			isa = XCBuildConfiguration;
			buildSettings = {
				ALWAYS_SEARCH_USER_PATHS = NO;
				CLANG_ANALYZER_NONNULL = YES;
				CLANG_CXX_LANGUAGE_STANDARD = "gnu++0x";
				CLANG_CXX_LIBRARY = "libc++";
				CLANG_ENABLE_MODULES = YES;
				CLANG_ENABLE_OBJC_ARC = YES;
				CLANG_WARN_BOOL_CONVERSION = YES;
				CLANG_WARN_CONSTANT_CONVERSION = YES;
				CLANG_WARN_DIRECT_OBJC_ISA_USAGE = YES_ERROR;
				CLANG_WARN_DOCUMENTATION_COMMENTS = YES;
				CLANG_WARN_EMPTY_BODY = YES;
				CLANG_WARN_ENUM_CONVERSION = YES;
				CLANG_WARN_INFINITE_RECURSION = YES;
				CLANG_WARN_INT_CONVERSION = YES;
				CLANG_WARN_OBJC_ROOT_CLASS = YES_ERROR;
				CLANG_WARN_SUSPICIOUS_MOVE = YES;
				CLANG_WARN_UNREACHABLE_CODE = YES;
				CLANG_WARN__DUPLICATE_METHOD_MATCH = YES;
				"CODE_SIGN_IDENTITY[sdk=iphoneos*]" = "iPhone Developer";
				COPY_PHASE_STRIP = NO;
				DEBUG_INFORMATION_FORMAT = dwarf;
				ENABLE_STRICT_OBJC_MSGSEND = YES;
				ENABLE_TESTABILITY = YES;
				GCC_C_LANGUAGE_STANDARD = gnu99;
				GCC_DYNAMIC_NO_PIC = NO;
				GCC_NO_COMMON_BLOCKS = YES;
				GCC_OPTIMIZATION_LEVEL = 0;
				GCC_PREPROCESSOR_DEFINITIONS = (
					"DEBUG=1",
					"$(inherited)",
				);
				GCC_WARN_64_TO_32_BIT_CONVERSION = YES;
				GCC_WARN_ABOUT_RETURN_TYPE = YES_ERROR;
				GCC_WARN_UNDECLARED_SELECTOR = YES;
				GCC_WARN_UNINITIALIZED_AUTOS = YES_AGGRESSIVE;
				GCC_WARN_UNUSED_FUNCTION = YES;
				GCC_WARN_UNUSED_VARIABLE = YES;
				IPHONEOS_DEPLOYMENT_TARGET = 10.2;
				MTL_ENABLE_DEBUG_INFO = YES;
				ONLY_ACTIVE_ARCH = YES;
				SDKROOT = iphoneos;
				SWIFT_ACTIVE_COMPILATION_CONDITIONS = DEBUG;
				SWIFT_OPTIMIZATION_LEVEL = "-Onone";
			};
			name = Debug;
		};
		D52084271E5F2C1300BE031B /* Release */ = {
			isa = XCBuildConfiguration;
			buildSettings = {
				ALWAYS_SEARCH_USER_PATHS = NO;
				CLANG_ANALYZER_NONNULL = YES;
				CLANG_CXX_LANGUAGE_STANDARD = "gnu++0x";
				CLANG_CXX_LIBRARY = "libc++";
				CLANG_ENABLE_MODULES = YES;
				CLANG_ENABLE_OBJC_ARC = YES;
				CLANG_WARN_BOOL_CONVERSION = YES;
				CLANG_WARN_CONSTANT_CONVERSION = YES;
				CLANG_WARN_DIRECT_OBJC_ISA_USAGE = YES_ERROR;
				CLANG_WARN_DOCUMENTATION_COMMENTS = YES;
				CLANG_WARN_EMPTY_BODY = YES;
				CLANG_WARN_ENUM_CONVERSION = YES;
				CLANG_WARN_INFINITE_RECURSION = YES;
				CLANG_WARN_INT_CONVERSION = YES;
				CLANG_WARN_OBJC_ROOT_CLASS = YES_ERROR;
				CLANG_WARN_SUSPICIOUS_MOVE = YES;
				CLANG_WARN_UNREACHABLE_CODE = YES;
				CLANG_WARN__DUPLICATE_METHOD_MATCH = YES;
				"CODE_SIGN_IDENTITY[sdk=iphoneos*]" = "iPhone Developer";
				COPY_PHASE_STRIP = NO;
				DEBUG_INFORMATION_FORMAT = "dwarf-with-dsym";
				ENABLE_NS_ASSERTIONS = NO;
				ENABLE_STRICT_OBJC_MSGSEND = YES;
				GCC_C_LANGUAGE_STANDARD = gnu99;
				GCC_NO_COMMON_BLOCKS = YES;
				GCC_WARN_64_TO_32_BIT_CONVERSION = YES;
				GCC_WARN_ABOUT_RETURN_TYPE = YES_ERROR;
				GCC_WARN_UNDECLARED_SELECTOR = YES;
				GCC_WARN_UNINITIALIZED_AUTOS = YES_AGGRESSIVE;
				GCC_WARN_UNUSED_FUNCTION = YES;
				GCC_WARN_UNUSED_VARIABLE = YES;
				IPHONEOS_DEPLOYMENT_TARGET = 10.2;
				MTL_ENABLE_DEBUG_INFO = NO;
				SDKROOT = iphoneos;
				SWIFT_OPTIMIZATION_LEVEL = "-Owholemodule";
				VALIDATE_PRODUCT = YES;
			};
			name = Release;
		};
		D52084291E5F2C1300BE031B /* Debug */ = {
			isa = XCBuildConfiguration;
			baseConfigurationReference = 865602186F2BDB5AE69031E0 /* Pods-WeilaiMall.debug.xcconfig */;
			buildSettings = {
				ASSETCATALOG_COMPILER_APPICON_NAME = AppIcon;
				CLANG_ENABLE_MODULES = YES;
				INFOPLIST_FILE = WeilaiMall/Info.plist;
				IPHONEOS_DEPLOYMENT_TARGET = 8.0;
				LD_RUNPATH_SEARCH_PATHS = "$(inherited) @executable_path/Frameworks";
				PRODUCT_BUNDLE_IDENTIFIER = ash.WeilaiMall;
				PRODUCT_NAME = "$(TARGET_NAME)";
				SWIFT_OBJC_BRIDGING_HEADER = "WeilaiMall/Other/Source/WeilaiMall-Bridging-Header.h";
				SWIFT_OPTIMIZATION_LEVEL = "-Onone";
				SWIFT_VERSION = 3.0;
			};
			name = Debug;
		};
		D520842A1E5F2C1300BE031B /* Release */ = {
			isa = XCBuildConfiguration;
			baseConfigurationReference = 2165B2DCADD397E65CB507D4 /* Pods-WeilaiMall.release.xcconfig */;
			buildSettings = {
				ASSETCATALOG_COMPILER_APPICON_NAME = AppIcon;
				CLANG_ENABLE_MODULES = YES;
				INFOPLIST_FILE = WeilaiMall/Info.plist;
				IPHONEOS_DEPLOYMENT_TARGET = 8.0;
				LD_RUNPATH_SEARCH_PATHS = "$(inherited) @executable_path/Frameworks";
				PRODUCT_BUNDLE_IDENTIFIER = ash.WeilaiMall;
				PRODUCT_NAME = "$(TARGET_NAME)";
				SWIFT_OBJC_BRIDGING_HEADER = "WeilaiMall/Other/Source/WeilaiMall-Bridging-Header.h";
				SWIFT_VERSION = 3.0;
			};
			name = Release;
		};
		D520842C1E5F2C1300BE031B /* Debug */ = {
			isa = XCBuildConfiguration;
			buildSettings = {
				ALWAYS_EMBED_SWIFT_STANDARD_LIBRARIES = YES;
				BUNDLE_LOADER = "$(TEST_HOST)";
				INFOPLIST_FILE = WeilaiMallTests/Info.plist;
				LD_RUNPATH_SEARCH_PATHS = "$(inherited) @executable_path/Frameworks @loader_path/Frameworks";
				PRODUCT_BUNDLE_IDENTIFIER = ash.WeilaiMallTests;
				PRODUCT_NAME = "$(TARGET_NAME)";
				SWIFT_VERSION = 3.0;
				TEST_HOST = "$(BUILT_PRODUCTS_DIR)/WeilaiMall.app/WeilaiMall";
			};
			name = Debug;
		};
		D520842D1E5F2C1300BE031B /* Release */ = {
			isa = XCBuildConfiguration;
			buildSettings = {
				ALWAYS_EMBED_SWIFT_STANDARD_LIBRARIES = YES;
				BUNDLE_LOADER = "$(TEST_HOST)";
				INFOPLIST_FILE = WeilaiMallTests/Info.plist;
				LD_RUNPATH_SEARCH_PATHS = "$(inherited) @executable_path/Frameworks @loader_path/Frameworks";
				PRODUCT_BUNDLE_IDENTIFIER = ash.WeilaiMallTests;
				PRODUCT_NAME = "$(TARGET_NAME)";
				SWIFT_VERSION = 3.0;
				TEST_HOST = "$(BUILT_PRODUCTS_DIR)/WeilaiMall.app/WeilaiMall";
			};
			name = Release;
		};
		D520842F1E5F2C1300BE031B /* Debug */ = {
			isa = XCBuildConfiguration;
			buildSettings = {
				ALWAYS_EMBED_SWIFT_STANDARD_LIBRARIES = YES;
				INFOPLIST_FILE = WeilaiMallUITests/Info.plist;
				LD_RUNPATH_SEARCH_PATHS = "$(inherited) @executable_path/Frameworks @loader_path/Frameworks";
				PRODUCT_BUNDLE_IDENTIFIER = ash.WeilaiMallUITests;
				PRODUCT_NAME = "$(TARGET_NAME)";
				SWIFT_VERSION = 3.0;
				TEST_TARGET_NAME = WeilaiMall;
			};
			name = Debug;
		};
		D52084301E5F2C1300BE031B /* Release */ = {
			isa = XCBuildConfiguration;
			buildSettings = {
				ALWAYS_EMBED_SWIFT_STANDARD_LIBRARIES = YES;
				INFOPLIST_FILE = WeilaiMallUITests/Info.plist;
				LD_RUNPATH_SEARCH_PATHS = "$(inherited) @executable_path/Frameworks @loader_path/Frameworks";
				PRODUCT_BUNDLE_IDENTIFIER = ash.WeilaiMallUITests;
				PRODUCT_NAME = "$(TARGET_NAME)";
				SWIFT_VERSION = 3.0;
				TEST_TARGET_NAME = WeilaiMall;
			};
			name = Release;
		};
/* End XCBuildConfiguration section */

/* Begin XCConfigurationList section */
		D52083F81E5F2C1200BE031B /* Build configuration list for PBXProject "WeilaiMall" */ = {
			isa = XCConfigurationList;
			buildConfigurations = (
				D52084261E5F2C1300BE031B /* Debug */,
				D52084271E5F2C1300BE031B /* Release */,
			);
			defaultConfigurationIsVisible = 0;
			defaultConfigurationName = Release;
		};
		D52084281E5F2C1300BE031B /* Build configuration list for PBXNativeTarget "WeilaiMall" */ = {
			isa = XCConfigurationList;
			buildConfigurations = (
				D52084291E5F2C1300BE031B /* Debug */,
				D520842A1E5F2C1300BE031B /* Release */,
			);
			defaultConfigurationIsVisible = 0;
			defaultConfigurationName = Release;
		};
		D520842B1E5F2C1300BE031B /* Build configuration list for PBXNativeTarget "WeilaiMallTests" */ = {
			isa = XCConfigurationList;
			buildConfigurations = (
				D520842C1E5F2C1300BE031B /* Debug */,
				D520842D1E5F2C1300BE031B /* Release */,
			);
			defaultConfigurationIsVisible = 0;
			defaultConfigurationName = Release;
		};
		D520842E1E5F2C1300BE031B /* Build configuration list for PBXNativeTarget "WeilaiMallUITests" */ = {
			isa = XCConfigurationList;
			buildConfigurations = (
				D520842F1E5F2C1300BE031B /* Debug */,
				D52084301E5F2C1300BE031B /* Release */,
			);
			defaultConfigurationIsVisible = 0;
			defaultConfigurationName = Release;
		};
/* End XCConfigurationList section */

/* Begin XCVersionGroup section */
		D52084071E5F2C1200BE031B /* WeilaiMall.xcdatamodeld */ = {
			isa = XCVersionGroup;
			children = (
				D52084081E5F2C1200BE031B /* WeilaiMall.xcdatamodel */,
			);
			currentVersion = D52084081E5F2C1200BE031B /* WeilaiMall.xcdatamodel */;
			path = WeilaiMall.xcdatamodeld;
			sourceTree = "<group>";
			versionGroupType = wrapper.xcdatamodel;
		};
/* End XCVersionGroup section */
	};
	rootObject = D52083F51E5F2C1200BE031B /* Project object */;
}
